
Microsoft Visual Studio Solution File, Format Version 12.00
# Visual Studio Version 16
VisualStudioVersion = 16.0.31515.178
MinimumVisualStudioVersion = 10.0.40219.1
Project("{FAE04EC0-301F-11D3-BF4B-00C04F79EFBC}") = "EmployeesAPI", "Employees\EmployeesAPI.csproj", "{5F33F5AB-3820-428D-B47A-9D89F1A3A084}"
EndProject
Project("{FAE04EC0-301F-11D3-BF4B-00C04F79EFBC}") = "DataAccessLayer", "DataAccessLayer\DataAccessLayer.csproj", "{F912156A-F4CC-4C50-AE49-4CB9C64EFD13}"
EndProject
Project("{FAE04EC0-301F-11D3-BF4B-00C04F79EFBC}") = "MVC", "MVC\MVC.csproj", "{0A12BD23-3836-4BC6-B379-3DD70C59B1A8}"
EndProject
Global
	GlobalSection(SolutionConfigurationPlatforms) = preSolution
		Debug|Any CPU = Debug|Any CPU
		Release|Any CPU = Release|Any CPU
	EndGlobalSection
	GlobalSection(ProjectConfigurationPlatforms) = postSolution
		{5F33F5AB-3820-428D-B47A-9D89F1A3A084}.Debug|Any CPU.ActiveCfg = Debug|Any CPU
		{5F33F5AB-3820-428D-B47A-9D89F1A3A084}.Debug|Any CPU.Build.0 = Debug|Any CPU
		{5F33F5AB-3820-428D-B47A-9D89F1A3A084}.Release|Any CPU.ActiveCfg = Release|Any CPU
		{5F33F5AB-3820-428D-B47A-9D89F1A3A084}.Release|Any CPU.Build.0 = Release|Any CPU
		{F912156A-F4CC-4C50-AE49-4CB9C64EFD13}.Debug|Any CPU.ActiveCfg = Debug|Any CPU
		{F912156A-F4CC-4C50-AE49-4CB9C64EFD13}.Debug|Any CPU.Build.0 = Debug|Any CPU
		{F912156A-F4CC-4C50-AE49-4CB9C64EFD13}.Release|Any CPU.ActiveCfg = Release|Any CPU
		{F912156A-F4CC-4C50-AE49-4CB9C64EFD13}.Release|Any CPU.Build.0 = Release|Any CPU
		{0A12BD23-3836-4BC6-B379-3DD70C59B1A8}.Debug|Any CPU.ActiveCfg = Debug|Any CPU
		{0A12BD23-3836-4BC6-B379-3DD70C59B1A8}.Debug|Any CPU.Build.0 = Debug|Any CPU
		{0A12BD23-3836-4BC6-B379-3DD70C59B1A8}.Release|Any CPU.ActiveCfg = Release|Any CPU
		{0A12BD23-3836-4BC6-B379-3DD70C59B1A8}.Release|Any CPU.Build.0 = Release|Any CPU
	EndGlobalSection
	GlobalSection(SolutionProperties) = preSolution
		HideSolutionNode = FALSE
	EndGlobalSection
	GlobalSection(ExtensibilityGlobals) = postSolution
		SolutionGuid = {D858795C-F0FC-43BA-860F-E9693DA31DE1}
	EndGlobalSection
EndGlobal
